{
  "name": "node-app",
  "version": "1.0.0",
  "lockfileVersion": 1,
  "requires": true,
  "dependencies": {
    "lockdown-2.0": {
      "version": "1.0.1",
      "resolved": "https://registry.npmjs.org/lockdown-2.0/-/lockdown-2.0-1.0.1.tgz",
      "integrity": "sha512-+eh6RVUNccm+xTirbH+Gs/Yh7a1HldJKmO2hmeEsqUUD+srxmZ2J/JXAMf/BxGnm3x2Xz4rvVGLXDJ/0IgGqWQ=="
    }
  }
}
